// !$*UTF8*$!
{
	archiveVersion = 1;
	classes = {
	};
	objectVersion = 46;
	objects = {

/* Begin PBXBuildFile section */
		4525E8891C3854500035B517 /* main.m in Sources */ = {isa = PBXBuildFile; fileRef = 4525E8881C3854500035B517 /* main.m */; };
		4525E88C1C3854500035B517 /* AppDelegate.m in Sources */ = {isa = PBXBuildFile; fileRef = 4525E88B1C3854500035B517 /* AppDelegate.m */; };
		4525E8921C3854500035B517 /* Main.storyboard in Resources */ = {isa = PBXBuildFile; fileRef = 4525E8901C3854500035B517 /* Main.storyboard */; };
		4525E8941C3854500035B517 /* Assets.xcassets in Resources */ = {isa = PBXBuildFile; fileRef = 4525E8931C3854500035B517 /* Assets.xcassets */; };
		4525E8971C3854500035B517 /* LaunchScreen.storyboard in Resources */ = {isa = PBXBuildFile; fileRef = 4525E8951C3854500035B517 /* LaunchScreen.storyboard */; };
		4525E8A21C3854510035B517 /* tableAppTests.m in Sources */ = {isa = PBXBuildFile; fileRef = 4525E8A11C3854510035B517 /* tableAppTests.m */; };
		4525E8AD1C3854510035B517 /* tableAppUITests.m in Sources */ = {isa = PBXBuildFile; fileRef = 4525E8AC1C3854510035B517 /* tableAppUITests.m */; };
		4525E8BF1C386AF20035B517 /* SMViewController.m in Sources */ = {isa = PBXBuildFile; fileRef = 4525E8BE1C386AF20035B517 /* SMViewController.m */; };
/* End PBXBuildFile section */

/* Begin PBXContainerItemProxy section */
		4525E89E1C3854510035B517 /* PBXContainerItemProxy */ = {
			isa = PBXContainerItemProxy;
			containerPortal = 4525E87C1C3854500035B517 /* Project object */;
			proxyType = 1;
			remoteGlobalIDString = 4525E8831C3854500035B517;
			remoteInfo = tableApp;
		};
		4525E8A91C3854510035B517 /* PBXContainerItemProxy */ = {
			isa = PBXContainerItemProxy;
			containerPortal = 4525E87C1C3854500035B517 /* Project object */;
			proxyType = 1;
			remoteGlobalIDString = 4525E8831C3854500035B517;
			remoteInfo = tableApp;
		};
/* End PBXContainerItemProxy section */

/* Begin PBXFileReference section */
		4525E8841C3854500035B517 /* tableApp.app */ = {isa = PBXFileReference; explicitFileType = wrapper.application; includeInIndex = 0; path = tableApp.app; sourceTree = BUILT_PRODUCTS_DIR; };
		4525E8881C3854500035B517 /* main.m */ = {isa = PBXFileReference; lastKnownFileType = sourcecode.c.objc; path = main.m; sourceTree = "<group>"; };
		4525E88A1C3854500035B517 /* AppDelegate.h */ = {isa = PBXFileReference; lastKnownFileType = sourcecode.c.h; path = AppDelegate.h; sourceTree = "<group>"; };
		4525E88B1C3854500035B517 /* AppDelegate.m */ = {isa = PBXFileReference; lastKnownFileType = sourcecode.c.objc; path = AppDelegate.m; sourceTree = "<group>"; };
		4525E8911C3854500035B517 /* Base */ = {isa = PBXFileReference; lastKnownFileType = file.storyboard; name = Base; path = Base.lproj/Main.storyboard; sourceTree = "<group>"; };
		4525E8931C3854500035B517 /* Assets.xcassets */ = {isa = PBXFileReference; lastKnownFileType = folder.assetcatalog; path = Assets.xcassets; sourceTree = "<group>"; };
		4525E8961C3854500035B517 /* Base */ = {isa = PBXFileReference; lastKnownFileType = file.storyboard; name = Base; path = Base.lproj/LaunchScreen.storyboard; sourceTree = "<group>"; };
		4525E8981C3854500035B517 /* Info.plist */ = {isa = PBXFileReference; lastKnownFileType = text.plist.xml; path = Info.plist; sourceTree = "<group>"; };
		4525E89D1C3854510035B517 /* tableAppTests.xctest */ = {isa = PBXFileReference; explicitFileType = wrapper.cfbundle; includeInIndex = 0; path = tableAppTests.xctest; sourceTree = BUILT_PRODUCTS_DIR; };
		4525E8A11C3854510035B517 /* tableAppTests.m */ = {isa = PBXFileReference; lastKnownFileType = sourcecode.c.objc; path = tableAppTests.m; sourceTree = "<group>"; };
		4525E8A31C3854510035B517 /* Info.plist */ = {isa = PBXFileReference; lastKnownFileType = text.plist.xml; path = Info.plist; sourceTree = "<group>"; };
		4525E8A81C3854510035B517 /* tableAppUITests.xctest */ = {isa = PBXFileReference; explicitFileType = wrapper.cfbundle; includeInIndex = 0; path = tableAppUITests.xctest; sourceTree = BUILT_PRODUCTS_DIR; };
		4525E8AC1C3854510035B517 /* tableAppUITests.m */ = {isa = PBXFileReference; lastKnownFileType = sourcecode.c.objc; path = tableAppUITests.m; sourceTree = "<group>"; };
		4525E8AE1C3854510035B517 /* Info.plist */ = {isa = PBXFileReference; lastKnownFileType = text.plist.xml; path = Info.plist; sourceTree = "<group>"; };
		4525E8BD1C386AF20035B517 /* SMViewController.h */ = {isa = PBXFileReference; fileEncoding = 4; lastKnownFileType = sourcecode.c.h; path = SMViewController.h; sourceTree = "<group>"; };
		4525E8BE1C386AF20035B517 /* SMViewController.m */ = {isa = PBXFileReference; fileEncoding = 4; lastKnownFileType = sourcecode.c.objc; path = SMViewController.m; sourceTree = "<group>"; };
/* End PBXFileReference section */

/* Begin PBXFrameworksBuildPhase section */
		4525E8811C3854500035B517 /* Frameworks */ = {
			isa = PBXFrameworksBuildPhase;
			buildActionMask = 2147483647;
			files = (
			);
			runOnlyForDeploymentPostprocessing = 0;
		};
		4525E89A1C3854510035B517 /* Frameworks */ = {
			isa = PBXFrameworksBuildPhase;
			buildActionMask = 2147483647;
			files = (
			);
			runOnlyForDeploymentPostprocessing = 0;
		};
		4525E8A51C3854510035B517 /* Frameworks */ = {
			isa = PBXFrameworksBuildPhase;
			buildActionMask = 2147483647;
			files = (
			);
			runOnlyForDeploymentPostprocessing = 0;
		};
/* End PBXFrameworksBuildPhase section */

/* Begin PBXGroup section */
		4525E87B1C3854500035B517 = {
			isa = PBXGroup;
			children = (
				4525E8861C3854500035B517 /* tableApp */,
				4525E8A01C3854510035B517 /* tableAppTests */,
				4525E8AB1C3854510035B517 /* tableAppUITests */,
				4525E8851C3854500035B517 /* Products */,
			);
			sourceTree = "<group>";
		};
		4525E8851C3854500035B517 /* Products */ = {
			isa = PBXGroup;
			children = (
				4525E8841C3854500035B517 /* tableApp.app */,
				4525E89D1C3854510035B517 /* tableAppTests.xctest */,
				4525E8A81C3854510035B517 /* tableAppUITests.xctest */,
			);
			name = Products;
			sourceTree = "<group>";
		};
		4525E8861C3854500035B517 /* tableApp */ = {
			isa = PBXGroup;
			children = (
				4525E88A1C3854500035B517 /* AppDelegate.h */,
				4525E88B1C3854500035B517 /* AppDelegate.m */,
				4525E8901C3854500035B517 /* Main.storyboard */,
				4525E8BD1C386AF20035B517 /* SMViewController.h */,
				4525E8BE1C386AF20035B517 /* SMViewController.m */,
				4525E8931C3854500035B517 /* Assets.xcassets */,
				4525E8951C3854500035B517 /* LaunchScreen.storyboard */,
				4525E8981C3854500035B517 /* Info.plist */,
				4525E8871C3854500035B517 /* Supporting Files */,
			);
			path = tableApp;
			sourceTree = "<group>";
		};
		4525E8871C3854500035B517 /* Supporting Files */ = {
			isa = PBXGroup;
			children = (
				4525E8881C3854500035B517 /* main.m */,
			);
			name = "Supporting Files";
			sourceTree = "<group>";
		};
		4525E8A01C3854510035B517 /* tableAppTests */ = {
			isa = PBXGroup;
			children = (
				4525E8A11C3854510035B517 /* tableAppTests.m */,
				4525E8A31C3854510035B517 /* Info.plist */,
			);
			path = tableAppTests;
			sourceTree = "<group>";
		};
		4525E8AB1C3854510035B517 /* tableAppUITests */ = {
			isa = PBXGroup;
			children = (
				4525E8AC1C3854510035B517 /* tableAppUITests.m */,
				4525E8AE1C3854510035B517 /* Info.plist */,
			);
			path = tableAppUITests;
			sourceTree = "<group>";
		};
/* End PBXGroup section */

/* Begin PBXNativeTarget section */
		4525E8831C3854500035B517 /* tableApp */ = {
			isa = PBXNativeTarget;
			buildConfigurationList = 4525E8B11C3854510035B517 /* Build configuration list for PBXNativeTarget "tableApp" */;
			buildPhases = (
				4525E8801C3854500035B517 /* Sources */,
				4525E8811C3854500035B517 /* Frameworks */,
				4525E8821C3854500035B517 /* Resources */,
			);
			buildRules = (
			);
			dependencies = (
			);
			name = tableApp;
			productName = tableApp;
			productReference = 4525E8841C3854500035B517 /* tableApp.app */;
			productType = "com.apple.product-type.application";
		};
		4525E89C1C3854510035B517 /* tableAppTests */ = {
			isa = PBXNativeTarget;
			buildConfigurationList = 4525E8B41C3854510035B517 /* Build configuration list for PBXNativeTarget "tableAppTests" */;
			buildPhases = (
				4525E8991C3854510035B517 /* Sources */,
				4525E89A1C3854510035B517 /* Frameworks */,
				4525E89B1C3854510035B517 /* Resources */,
			);
			buildRules = (
			);
			dependencies = (
				4525E89F1C3854510035B517 /* PBXTargetDependency */,
			);
			name = tableAppTests;
			productName = tableAppTests;
			productReference = 4525E89D1C3854510035B517 /* tableAppTests.xctest */;
			productType = "com.apple.product-type.bundle.unit-test";
		};
		4525E8A71C3854510035B517 /* tableAppUITests */ = {
			isa = PBXNativeTarget;
			buildConfigurationList = 4525E8B71C3854510035B517 /* Build configuration list for PBXNativeTarget "tableAppUITests" */;
			buildPhases = (
				4525E8A41C3854510035B517 /* Sources */,
				4525E8A51C3854510035B517 /* Frameworks */,
				4525E8A61C3854510035B517 /* Resources */,
			);
			buildRules = (
			);
			dependencies = (
				4525E8AA1C3854510035B517 /* PBXTargetDependency */,
			);
			name = tableAppUITests;
			productName = tableAppUITests;
			productReference = 4525E8A81C3854510035B517 /* tableAppUITests.xctest */;
			productType = "com.apple.product-type.bundle.ui-testing";
		};
/* End PBXNativeTarget section */

/* Begin PBXProject section */
		4525E87C1C3854500035B517 /* Project object */ = {
			isa = PBXProject;
			attributes = {
				LastUpgradeCheck = 0720;
				ORGANIZATIONNAME = "Semen Matsepura";
				TargetAttributes = {
					4525E8831C3854500035B517 = {
						CreatedOnToolsVersion = 7.2;
					};
					4525E89C1C3854510035B517 = {
						CreatedOnToolsVersion = 7.2;
						TestTargetID = 4525E8831C3854500035B517;
					};
					4525E8A71C3854510035B517 = {
						CreatedOnToolsVersion = 7.2;
						TestTargetID = 4525E8831C3854500035B517;
					};
				};
			};
			buildConfigurationList = 4525E87F1C3854500035B517 /* Build configuration list for PBXProject "tableApp" */;
			compatibilityVersion = "Xcode 3.2";
			developmentRegion = English;
			hasScannedForEncodings = 0;
			knownRegions = (
				en,
				Base,
			);
			mainGroup = 4525E87B1C3854500035B517;
			productRefGroup = 4525E8851C3854500035B517 /* Products */;
			projectDirPath = "";
			projectRoot = "";
			targets = (
				4525E8831C3854500035B517 /* tableApp */,
				4525E89C1C3854510035B517 /* tableAppTests */,
				4525E8A71C3854510035B517 /* tableAppUITests */,
			);
		};
/* End PBXProject section */

/* Begin PBXResourcesBuildPhase section */
		4525E8821C3854500035B517 /* Resources */ = {
			isa = PBXResourcesBuildPhase;
			buildActionMask = 2147483647;
			files = (
				4525E8971C3854500035B517 /* LaunchScreen.storyboard in Resources */,
				4525E8941C3854500035B517 /* Assets.xcassets in Resources */,
				4525E8921C3854500035B517 /* Main.storyboard in Resources */,
			);
			runOnlyForDeploymentPostprocessing = 0;
		};
		4525E89B1C3854510035B517 /* Resources */ = {
			isa = PBXResourcesBuildPhase;
			buildActionMask = 2147483647;
			files = (
			);
			runOnlyForDeploymentPostprocessing = 0;
		};
		4525E8A61C3854510035B517 /* Resources */ = {
			isa = PBXResourcesBuildPhase;
			buildActionMask = 2147483647;
			files = (
			);
			runOnlyForDeploymentPostprocessing = 0;
		};
/* End PBXResourcesBuildPhase section */

/* Begin PBXSourcesBuildPhase section */
		4525E8801C3854500035B517 /* Sources */ = {
			isa = PBXSourcesBuildPhase;
			buildActionMask = 2147483647;
			files = (
				4525E8BF1C386AF20035B517 /* SMViewController.m in Sources */,
				4525E88C1C3854500035B517 /* AppDelegate.m in Sources */,
				4525E8891C3854500035B517 /* main.m in Sources */,
			);
			runOnlyForDeploymentPostprocessing = 0;
		};
		4525E8991C3854510035B517 /* Sources */ = {
			isa = PBXSourcesBuildPhase;
			buildActionMask = 2147483647;
			files = (
				4525E8A21C3854510035B517 /* tableAppTests.m in Sources */,
			);
			runOnlyForDeploymentPostprocessing = 0;
		};
		4525E8A41C3854510035B517 /* Sources */ = {
			isa = PBXSourcesBuildPhase;
			buildActionMask = 2147483647;
			files = (
				4525E8AD1C3854510035B517 /* tableAppUITests.m in Sources */,
			);
			runOnlyForDeploymentPostprocessing = 0;
		};
/* End PBXSourcesBuildPhase section */

/* Begin PBXTargetDependency section */
		4525E89F1C3854510035B517 /* PBXTargetDependency */ = {
			isa = PBXTargetDependency;
			target = 4525E8831C3854500035B517 /* tableApp */;
			targetProxy = 4525E89E1C3854510035B517 /* PBXContainerItemProxy */;
		};
		4525E8AA1C3854510035B517 /* PBXTargetDependency */ = {
			isa = PBXTargetDependency;
			target = 4525E8831C3854500035B517 /* tableApp */;
			targetProxy = 4525E8A91C3854510035B517 /* PBXContainerItemProxy */;
		};
/* End PBXTargetDependency section */

/* Begin PBXVariantGroup section */
		4525E8901C3854500035B517 /* Main.storyboard */ = {
			isa = PBXVariantGroup;
			children = (
				4525E8911C3854500035B517 /* Base */,
			);
			name = Main.storyboard;
			sourceTree = "<group>";
		};
		4525E8951C3854500035B517 /* LaunchScreen.storyboard */ = {
			isa = PBXVariantGroup;
			children = (
				4525E8961C3854500035B517 /* Base */,
			);
			name = LaunchScreen.storyboard;
			sourceTree = "<group>";
		};
/* End PBXVariantGroup section */

/* Begin XCBuildConfiguration section */
		4525E8AF1C3854510035B517 /* Debug */ = {
			isa = XCBuildConfiguration;
			buildSettings = {
				ALWAYS_SEARCH_USER_PATHS = NO;
				CLANG_CXX_LANGUAGE_STANDARD = "gnu++0x";
				CLANG_CXX_LIBRARY = "libc++";
				CLANG_ENABLE_MODULES = YES;
				CLANG_ENABLE_OBJC_ARC = YES;
				CLANG_WARN_BOOL_CONVERSION = YES;
				CLANG_WARN_CONSTANT_CONVERSION = YES;
				CLANG_WARN_DIRECT_OBJC_ISA_USAGE = YES_ERROR;
				CLANG_WARN_EMPTY_BODY = YES;
				CLANG_WARN_ENUM_CONVERSION = YES;
				CLANG_WARN_INT_CONVERSION = YES;
				CLANG_WARN_OBJC_ROOT_CLASS = YES_ERROR;
				CLANG_WARN_UNREACHABLE_CODE = YES;
				CLANG_WARN__DUPLICATE_METHOD_MATCH = YES;
				"CODE_SIGN_IDENTITY[sdk=iphoneos*]" = "iPhone Developer";
				COPY_PHASE_STRIP = NO;
				DEBUG_INFORMATION_FORMAT = dwarf;
				ENABLE_STRICT_OBJC_MSGSEND = YES;
				ENABLE_TESTABILITY = YES;
				GCC_C_LANGUAGE_STANDARD = gnu99;
				GCC_DYNAMIC_NO_PIC = NO;
				GCC_NO_COMMON_BLOCKS = YES;
				GCC_OPTIMIZATION_LEVEL = 0;
				GCC_PREPROCESSOR_DEFINITIONS = (
					"DEBUG=1",
					"$(inherited)",
				);
				GCC_WARN_64_TO_32_BIT_CONVERSION = YES;
				GCC_WARN_ABOUT_RETURN_TYPE = YES_ERROR;
				GCC_WARN_UNDECLARED_SELECTOR = YES;
				GCC_WARN_UNINITIALIZED_AUTOS = YES_AGGRESSIVE;
				GCC_WARN_UNUSED_FUNCTION = YES;
				GCC_WARN_UNUSED_VARIABLE = YES;
				IPHONEOS_DEPLOYMENT_TARGET = 9.2;
				MTL_ENABLE_DEBUG_INFO = YES;
				ONLY_ACTIVE_ARCH = YES;
				SDKROOT = iphoneos;
			};
			name = Debug;
		};
		4525E8B01C3854510035B517 /* Release */ = {
			isa = XCBuildConfiguration;
			buildSettings = {
				ALWAYS_SEARCH_USER_PATHS = NO;
				CLANG_CXX_LANGUAGE_STANDARD = "gnu++0x";
				CLANG_CXX_LIBRARY = "libc++";
				CLANG_ENABLE_MODULES = YES;
				CLANG_ENABLE_OBJC_ARC = YES;
				CLANG_WARN_BOOL_CONVERSION = YES;
				CLANG_WARN_CONSTANT_CONVERSION = YES;
				CLANG_WARN_DIRECT_OBJC_ISA_USAGE = YES_ERROR;
				CLANG_WARN_EMPTY_BODY = YES;
				CLANG_WARN_ENUM_CONVERSION = YES;
				CLANG_WARN_INT_CONVERSION = YES;
				CLANG_WARN_OBJC_ROOT_CLASS = YES_ERROR;
				CLANG_WARN_UNREACHABLE_CODE = YES;
				CLANG_WARN__DUPLICATE_METHOD_MATCH = YES;
				"CODE_SIGN_IDENTITY[sdk=iphoneos*]" = "iPhone Developer";
				COPY_PHASE_STRIP = NO;
				DEBUG_INFORMATION_FORMAT = "dwarf-with-dsym";
				ENABLE_NS_ASSERTIONS = NO;
				ENABLE_STRICT_OBJC_MSGSEND = YES;
				GCC_C_LANGUAGE_STANDARD = gnu99;
				GCC_NO_COMMON_BLOCKS = YES;
				GCC_WARN_64_TO_32_BIT_CONVERSION = YES;
				GCC_WARN_ABOUT_RETURN_TYPE = YES_ERROR;
				GCC_WARN_UNDECLARED_SELECTOR = YES;
				GCC_WARN_UNINITIALIZED_AUTOS = YES_AGGRESSIVE;
				GCC_WARN_UNUSED_FUNCTION = YES;
				GCC_WARN_UNUSED_VARIABLE = YES;
				IPHONEOS_DEPLOYMENT_TARGET = 9.2;
				MTL_ENABLE_DEBUG_INFO = NO;
				SDKROOT = iphoneos;
				VALIDATE_PRODUCT = YES;
			};
			name = Release;
		};
		4525E8B21C3854510035B517 /* Debug */ = {
			isa = XCBuildConfiguration;
			buildSettings = {
				ASSETCATALOG_COMPILER_APPICON_NAME = AppIcon;
				INFOPLIST_FILE = tableApp/Info.plist;
				LD_RUNPATH_SEARCH_PATHS = "$(inherited) @executable_path/Frameworks";
				PRODUCT_BUNDLE_IDENTIFIER = com.ISO.tableApp;
				PRODUCT_NAME = "$(TARGET_NAME)";
			};
			name = Debug;
		};
		4525E8B31C3854510035B517 /* Release */ = {
			isa = XCBuildConfiguration;
			buildSettings = {
				ASSETCATALOG_COMPILER_APPICON_NAME = AppIcon;
				INFOPLIST_FILE = tableApp/Info.plist;
				LD_RUNPATH_SEARCH_PATHS = "$(inherited) @executable_path/Frameworks";
				PRODUCT_BUNDLE_IDENTIFIER = com.ISO.tableApp;
				PRODUCT_NAME = "$(TARGET_NAME)";
			};
			name = Release;
		};
		4525E8B51C3854510035B517 /* Debug */ = {
			isa = XCBuildConfiguration;
			buildSettings = {
				BUNDLE_LOADER = "$(TEST_HOST)";
				INFOPLIST_FILE = tableAppTests/Info.plist;
				LD_RUNPATH_SEARCH_PATHS = "$(inherited) @executable_path/Frameworks @loader_path/Frameworks";
				PRODUCT_BUNDLE_IDENTIFIER = com.ISO.tableAppTests;
				PRODUCT_NAME = "$(TARGET_NAME)";
				TEST_HOST = "$(BUILT_PRODUCTS_DIR)/tableApp.app/tableApp";
			};
			name = Debug;
		};
		4525E8B61C3854510035B517 /* Release */ = {
			isa = XCBuildConfiguration;
			buildSettings = {
				BUNDLE_LOADER = "$(TEST_HOST)";
				INFOPLIST_FILE = tableAppTests/Info.plist;
				LD_RUNPATH_SEARCH_PATHS = "$(inherited) @executable_path/Frameworks @loader_path/Frameworks";
				PRODUCT_BUNDLE_IDENTIFIER = com.ISO.tableAppTests;
				PRODUCT_NAME = "$(TARGET_NAME)";
				TEST_HOST = "$(BUILT_PRODUCTS_DIR)/tableApp.app/tableApp";
			};
			name = Release;
		};
		4525E8B81C3854510035B517 /* Debug */ = {
			isa = XCBuildConfiguration;
			buildSettings = {
				INFOPLIST_FILE = tableAppUITests/Info.plist;
				LD_RUNPATH_SEARCH_PATHS = "$(inherited) @executable_path/Frameworks @loader_path/Frameworks";
				PRODUCT_BUNDLE_IDENTIFIER = com.ISO.tableAppUITests;
				PRODUCT_NAME = "$(TARGET_NAME)";
				TEST_TARGET_NAME = tableApp;
				USES_XCTRUNNER = YES;
			};
			name = Debug;
		};
		4525E8B91C3854510035B517 /* Release */ = {
			isa = XCBuildConfiguration;
			buildSettings = {
				INFOPLIST_FILE = tableAppUITests/Info.plist;
				LD_RUNPATH_SEARCH_PATHS = "$(inherited) @executable_path/Frameworks @loader_path/Frameworks";
				PRODUCT_BUNDLE_IDENTIFIER = com.ISO.tableAppUITests;
				PRODUCT_NAME = "$(TARGET_NAME)";
				TEST_TARGET_NAME = tableApp;
				USES_XCTRUNNER = YES;
			};
			name = Release;
		};
/* End XCBuildConfiguration section */

/* Begin XCConfigurationList section */
		4525E87F1C3854500035B517 /* Build configuration list for PBXProject "tableApp" */ = {
			isa = XCConfigurationList;
			buildConfigurations = (
				4525E8AF1C3854510035B517 /* Debug */,
				4525E8B01C3854510035B517 /* Release */,
			);
			defaultConfigurationIsVisible = 0;
			defaultConfigurationName = Release;
		};
		4525E8B11C3854510035B517 /* Build configuration list for PBXNativeTarget "tableApp" */ = {
			isa = XCConfigurationList;
			buildConfigurations = (
				4525E8B21C3854510035B517 /* Debug */,
				4525E8B31C3854510035B517 /* Release */,
			);
			defaultConfigurationIsVisible = 0;
			defaultConfigurationName = Release;
		};
		4525E8B41C3854510035B517 /* Build configuration list for PBXNativeTarget "tableAppTests" */ = {
			isa = XCConfigurationList;
			buildConfigurations = (
				4525E8B51C3854510035B517 /* Debug */,
				4525E8B61C3854510035B517 /* Release */,
			);
			defaultConfigurationIsVisible = 0;
			defaultConfigurationName = Release;
		};
		4525E8B71C3854510035B517 /* Build configuration list for PBXNativeTarget "tableAppUITests" */ = {
			isa = XCConfigurationList;
			buildConfigurations = (
				4525E8B81C3854510035B517 /* Debug */,
				4525E8B91C3854510035B517 /* Release */,
			);
			defaultConfigurationIsVisible = 0;
			defaultConfigurationName = Release;
		};
/* End XCConfigurationList section */
	};
	rootObject = 4525E87C1C3854500035B517 /* Project object */;
}
